
Microsoft Visual Studio Solution File, Format Version 12.00
# Visual Studio Version 17
VisualStudioVersion = 17.7.34031.279
MinimumVisualStudioVersion = 10.0.40219.1
Project("{FAE04EC0-301F-11D3-BF4B-00C04F79EFBC}") = "Kochać Zycie ''''' szkole", "Kochać Zycie ''''' szkole.csproj", "{29153BE2-AFDA-4323-B2E4-0C91AFF85B06}"
EndProject
Global
	GlobalSection(SolutionConfigurationPlatforms) = preSolution
		Debug|Any CPU = Debug|Any CPU
		Release|Any CPU = Release|Any CPU
	EndGlobalSection
	GlobalSection(ProjectConfigurationPlatforms) = postSolution
		{29153BE2-AFDA-4323-B2E4-0C91AFF85B06}.Debug|Any CPU.ActiveCfg = Debug|Any CPU
		{29153BE2-AFDA-4323-B2E4-0C91AFF85B06}.Debug|Any CPU.Build.0 = Debug|Any CPU
		{29153BE2-AFDA-4323-B2E4-0C91AFF85B06}.Release|Any CPU.ActiveCfg = Release|Any CPU
		{29153BE2-AFDA-4323-B2E4-0C91AFF85B06}.Release|Any CPU.Build.0 = Release|Any CPU
	EndGlobalSection
	GlobalSection(SolutionProperties) = preSolution
		HideSolutionNode = FALSE
	EndGlobalSection
	GlobalSection(ExtensibilityGlobals) = postSolution
		SolutionGuid = {60F55A22-6687-4F8A-8A09-9E07D14E6D41}
	EndGlobalSection
EndGlobal
